<?xml version="1.0" encoding="utf-8"?>
<Project ToolsVersion="4.0" xmlns="http://schemas.microsoft.com/developer/msbuild/2003">
  <ItemGroup>
    <ClCompile Include="dbgextension.cpp" />
    <ClCompile Include="dllmain.cpp" />
  </ItemGroup>
  <ItemGroup>
    <ClInclude Include="dbgextension.h" />
    <ClInclude Include="modules/envars.h" />
    <ClInclude Include="utils/processutils.h" />
    <ClInclude Include="modules/dlllist.h" />
    <ClInclude Include="modules/help.h" />
    <ClInclude Include="external/magic_enum.h" />
    <ClInclude Include="modules/objects.h" />
    <ClInclude Include="utils/pdboffset.h" />
    <ClInclude Include="modules/psdetails.h" />
    <ClInclude Include="modules/pslist.h" />
    <ClInclude Include="utils/resolver.h" />
    <ClInclude Include="modules/sessions.h" />
    <ClInclude Include="modules/threads.h" />
    <ClInclude Include="utils/utils.h" />
    <ClInclude Include="utils/xdbg.h" />
  </ItemGroup>
  <ItemGroup>
    <None Include="DbgExtension.def" />
  </ItemGroup>
</Project>